
Microsoft Visual Studio Solution File, Format Version 12.00
# Visual Studio 15
VisualStudioVersion = 15.0.26228.9
MinimumVisualStudioVersion = 10.0.40219.1
Project("{9A19103F-16F7-4668-BE54-9A1E7A4F7556}") = "Azure.WebSites.DataProtection.Tests", "test\Azure.WebSites.DataProtection.Tests\Azure.WebSites.DataProtection.Tests.csproj", "{43AA3583-CF23-4348-A5CA-0E51F9FC1D59}"
EndProject
Project("{9A19103F-16F7-4668-BE54-9A1E7A4F7556}") = "Azure.WebSites.DataProtection", "src\Azure.WebSites.DataProtection\Azure.WebSites.DataProtection.csproj", "{8AC05DB7-C38F-441A-9432-DD4775D7BCB9}"
EndProject
Global
	GlobalSection(SolutionConfigurationPlatforms) = preSolution
		Debug|Any CPU = Debug|Any CPU
		Release|Any CPU = Release|Any CPU
	EndGlobalSection
	GlobalSection(ProjectConfigurationPlatforms) = postSolution
		{43AA3583-CF23-4348-A5CA-0E51F9FC1D59}.Debug|Any CPU.ActiveCfg = Debug|Any CPU
		{43AA3583-CF23-4348-A5CA-0E51F9FC1D59}.Debug|Any CPU.Build.0 = Debug|Any CPU
		{43AA3583-CF23-4348-A5CA-0E51F9FC1D59}.Release|Any CPU.ActiveCfg = Release|Any CPU
		{43AA3583-CF23-4348-A5CA-0E51F9FC1D59}.Release|Any CPU.Build.0 = Release|Any CPU
		{8AC05DB7-C38F-441A-9432-DD4775D7BCB9}.Debug|Any CPU.ActiveCfg = Debug|Any CPU
		{8AC05DB7-C38F-441A-9432-DD4775D7BCB9}.Debug|Any CPU.Build.0 = Debug|Any CPU
		{8AC05DB7-C38F-441A-9432-DD4775D7BCB9}.Release|Any CPU.ActiveCfg = Release|Any CPU
		{8AC05DB7-C38F-441A-9432-DD4775D7BCB9}.Release|Any CPU.Build.0 = Release|Any CPU
	EndGlobalSection
	GlobalSection(SolutionProperties) = preSolution
		HideSolutionNode = FALSE
	EndGlobalSection
EndGlobal
